
Microsoft Visual Studio Solution File, Format Version 12.00
# Visual Studio 2012
Project("{FAE04EC0-301F-11D3-BF4B-00C04F79EFBC}") = "ConsoleApplication.Mock", "ConsoleApplication.Mock\ConsoleApplication.Mock.csproj", "{CCF4E3A1-8CAA-4999-97D3-00F721CDEE7E}"
EndProject
Global
	GlobalSection(SolutionConfigurationPlatforms) = preSolution
		Debug|Any CPU = Debug|Any CPU
		Release|Any CPU = Release|Any CPU
	EndGlobalSection
	GlobalSection(ProjectConfigurationPlatforms) = postSolution
		{CCF4E3A1-8CAA-4999-97D3-00F721CDEE7E}.Debug|Any CPU.ActiveCfg = Debug|Any CPU
		{CCF4E3A1-8CAA-4999-97D3-00F721CDEE7E}.Debug|Any CPU.Build.0 = Debug|Any CPU
		{CCF4E3A1-8CAA-4999-97D3-00F721CDEE7E}.Release|Any CPU.ActiveCfg = Release|Any CPU
		{CCF4E3A1-8CAA-4999-97D3-00F721CDEE7E}.Release|Any CPU.Build.0 = Release|Any CPU
	EndGlobalSection
	GlobalSection(SolutionProperties) = preSolution
		HideSolutionNode = FALSE
	EndGlobalSection
EndGlobal
