
Microsoft Visual Studio Solution File, Format Version 12.00
# Visual Studio 14
VisualStudioVersion = 14.0.23107.0
MinimumVisualStudioVersion = 10.0.40219.1
Project("{FAE04EC0-301F-11D3-BF4B-00C04F79EFBC}") = "NewRelicDotNetKata", "NewRelicDotNetKata\NewRelicDotNetKata.csproj", "{996D5B69-B834-4F9B-B771-40B1206B5FA3}"
EndProject
Project("{FAE04EC0-301F-11D3-BF4B-00C04F79EFBC}") = "NewRelicDotNetKata.Tests", "NewRelicDotNetKata.Tests\NewRelicDotNetKata.Tests.csproj", "{ABAFF78E-E03A-48E2-87D5-7552A38BB5FD}"
EndProject
Project("{CC5FD16D-436D-48AD-A40C-5A424C6E3E79}") = "NewRelicDotNetKata.Azure", "NewRelicDotNetKata.Azure\NewRelicDotNetKata.Azure.ccproj", "{96912865-EF7F-4ED4-BB78-E85B09496085}"
EndProject
Global
	GlobalSection(SolutionConfigurationPlatforms) = preSolution
		Debug|Any CPU = Debug|Any CPU
		Release|Any CPU = Release|Any CPU
	EndGlobalSection
	GlobalSection(ProjectConfigurationPlatforms) = postSolution
		{996D5B69-B834-4F9B-B771-40B1206B5FA3}.Debug|Any CPU.ActiveCfg = Debug|Any CPU
		{996D5B69-B834-4F9B-B771-40B1206B5FA3}.Debug|Any CPU.Build.0 = Debug|Any CPU
		{996D5B69-B834-4F9B-B771-40B1206B5FA3}.Release|Any CPU.ActiveCfg = Release|Any CPU
		{996D5B69-B834-4F9B-B771-40B1206B5FA3}.Release|Any CPU.Build.0 = Release|Any CPU
		{ABAFF78E-E03A-48E2-87D5-7552A38BB5FD}.Debug|Any CPU.ActiveCfg = Debug|Any CPU
		{ABAFF78E-E03A-48E2-87D5-7552A38BB5FD}.Debug|Any CPU.Build.0 = Debug|Any CPU
		{ABAFF78E-E03A-48E2-87D5-7552A38BB5FD}.Release|Any CPU.ActiveCfg = Release|Any CPU
		{ABAFF78E-E03A-48E2-87D5-7552A38BB5FD}.Release|Any CPU.Build.0 = Release|Any CPU
		{96912865-EF7F-4ED4-BB78-E85B09496085}.Debug|Any CPU.ActiveCfg = Debug|Any CPU
		{96912865-EF7F-4ED4-BB78-E85B09496085}.Debug|Any CPU.Build.0 = Debug|Any CPU
		{96912865-EF7F-4ED4-BB78-E85B09496085}.Release|Any CPU.ActiveCfg = Release|Any CPU
		{96912865-EF7F-4ED4-BB78-E85B09496085}.Release|Any CPU.Build.0 = Release|Any CPU
	EndGlobalSection
	GlobalSection(SolutionProperties) = preSolution
		HideSolutionNode = FALSE
	EndGlobalSection
EndGlobal
