# THIS IS AN AUTOGENERATED FILE. DO NOT EDIT THIS FILE DIRECTLY.
# yarn lockfile v1


"@gitpod/local-app-api-grpcweb@ak-remote-ssh":
  version "0.1.5-ak-remote-ssh.2"
  resolved "https://registry.yarnpkg.com/@gitpod/local-app-api-grpcweb/-/local-app-api-grpcweb-0.1.5-ak-remote-ssh.2.tgz#6b3738ec7f240fb9c8c3e04a9bbfdb4bbbd41205"
  integrity sha512-Z09CgciGhIngrMEw5V/0aGcpiIORN/UpmEExBlNEdGSlbF9j803kaAo5TLmGHSL++RwOHgQzZN6CoTCrbX8NLA==
  dependencies:
    "@gitpod/supervisor-api-grpcweb" "0.1.5-at-prebuild-page.43"
    "@improbable-eng/grpc-web" "0.14.0"
    google-protobuf "^3.17.0"

"@gitpod/supervisor-api-grpcweb@0.1.5-at-prebuild-page.43":
  version "0.1.5-at-prebuild-page.43"
  resolved "https://registry.yarnpkg.com/@gitpod/supervisor-api-grpcweb/-/supervisor-api-grpcweb-0.1.5-at-prebuild-page.43.tgz#a7ee638c8d28ce945701bc865b7fdced9de6bfa3"
  integrity sha512-jM3amS9FSGIeZ5ZObPWl+vHyweO+KMR5GPBQQ57oQD/dvLGymcMyC6QuOeFaBcna/yLXa5WTRM5M+Y10lftKVg==
  dependencies:
    "@improbable-eng/grpc-web" "^0.14.0"

"@improbable-eng/grpc-web-node-http-transport@^0.14.0":
  version "0.14.0"
  resolved "https://registry.yarnpkg.com/@improbable-eng/grpc-web-node-http-transport/-/grpc-web-node-http-transport-0.14.0.tgz#3edf05360541b2d7ba799ec0144780a7a9a99383"
  integrity sha512-NGZJgY8zTTWM//9oGdJZ+acmCgcgUcqxu3NV3GMFxw35D+3xkdEz599r9O7urg1Vv0+LzXDvfWEg7qg1Ec8x1w==

"@improbable-eng/grpc-web@0.14.0", "@improbable-eng/grpc-web@^0.14.0":
  version "0.14.0"
  resolved "https://registry.yarnpkg.com/@improbable-eng/grpc-web/-/grpc-web-0.14.0.tgz#a71c5af471dcef6a2810798f71f93ed8d6ac3817"
  integrity sha512-ag1PTMWpBZKGi6GrEcZ4lkU5Qag23Xjo10BmnK9qyx4TMmSVcWmQ3rECirfQzm2uogrM9n1M6xfOpFsJP62ivA==
  dependencies:
    browser-headers "^0.4.1"

"@types/node@^10.12.21":
  version "10.17.60"
  resolved "https://registry.yarnpkg.com/@types/node/-/node-10.17.60.tgz#35f3d6213daed95da7f0f73e75bcc6980e90597b"
  integrity sha512-F0KIgDJfy2nA3zMLmWGKxcH2ZVEtCZXHHdOQs2gSaQ27+lNeEfGxzkIw90aXswATX7AZ33tahPbzy6KAfUreVw==

browser-headers@^0.4.1:
  version "0.4.1"
  resolved "https://registry.yarnpkg.com/browser-headers/-/browser-headers-0.4.1.tgz#4308a7ad3b240f4203dbb45acedb38dc2d65dd02"
  integrity sha512-CA9hsySZVo9371qEHjHZtYxV2cFtVj5Wj/ZHi8ooEsrtm4vOnl9Y9HmyYWk9q+05d7K3rdoAE0j3MVEFVvtQtg==

google-protobuf@^3.17.0:
  version "3.17.3"
  resolved "https://registry.yarnpkg.com/google-protobuf/-/google-protobuf-3.17.3.tgz#f87595073545a77946c8f0b67c302c5f7646d700"
  integrity sha512-OVPzcSWIAJ+d5yiHyeaLrdufQtrvaBrF4JQg+z8ynTkbO3uFcujqXszTumqg1cGsAsjkWnI+M5B1xZ19yR4Wyg==

vscode-nls@^5.0.0:
  version "5.0.0"
  resolved "https://registry.yarnpkg.com/vscode-nls/-/vscode-nls-5.0.0.tgz#99f0da0bd9ea7cda44e565a74c54b1f2bc257840"
  integrity sha512-u0Lw+IYlgbEJFF6/qAqG2d1jQmJl0eyAGJHoAJqr2HT4M2BNuQYSEiSE75f52pXHSJm8AlTjnLLbBFPrdz2hpA==
